
Microsoft Visual Studio Solution File, Format Version 12.00
# Visual Studio Version 16
VisualStudioVersion = 16.0.30021.99
MinimumVisualStudioVersion = 10.0.40219.1
Project("{9A19103F-16F7-4668-BE54-9A1E7A4F7556}") = "QBTracker", "QBTracker\QBTracker.csproj", "{3C90587C-AE3F-4DC8-A8FA-7B98A612C451}"
EndProject
Project("{FAE04EC0-301F-11D3-BF4B-00C04F79EFBC}") = "QBTracker.AutomaticUpdader", "QBTracker.AutomaticUpdader\QBTracker.AutomaticUpdader.csproj", "{7F415E7D-7A18-4E9E-8EF0-1D26BB76113C}"
EndProject
Global
	GlobalSection(SolutionConfigurationPlatforms) = preSolution
		Debug|Any CPU = Debug|Any CPU
		Release|Any CPU = Release|Any CPU
	EndGlobalSection
	GlobalSection(ProjectConfigurationPlatforms) = postSolution
		{3C90587C-AE3F-4DC8-A8FA-7B98A612C451}.Debug|Any CPU.ActiveCfg = Debug|Any CPU
		{3C90587C-AE3F-4DC8-A8FA-7B98A612C451}.Debug|Any CPU.Build.0 = Debug|Any CPU
		{3C90587C-AE3F-4DC8-A8FA-7B98A612C451}.Release|Any CPU.ActiveCfg = Release|Any CPU
		{3C90587C-AE3F-4DC8-A8FA-7B98A612C451}.Release|Any CPU.Build.0 = Release|Any CPU
		{7F415E7D-7A18-4E9E-8EF0-1D26BB76113C}.Debug|Any CPU.ActiveCfg = Debug|Any CPU
		{7F415E7D-7A18-4E9E-8EF0-1D26BB76113C}.Debug|Any CPU.Build.0 = Debug|Any CPU
		{7F415E7D-7A18-4E9E-8EF0-1D26BB76113C}.Release|Any CPU.ActiveCfg = Release|Any CPU
		{7F415E7D-7A18-4E9E-8EF0-1D26BB76113C}.Release|Any CPU.Build.0 = Release|Any CPU
	EndGlobalSection
	GlobalSection(SolutionProperties) = preSolution
		HideSolutionNode = FALSE
	EndGlobalSection
	GlobalSection(ExtensibilityGlobals) = postSolution
		SolutionGuid = {5086DFB4-697E-40B5-BC2D-B4454E2EED36}
	EndGlobalSection
EndGlobal
